
Microsoft Visual Studio Solution File, Format Version 12.00
# Visual Studio Version 17
VisualStudioVersion = 17.0.31903.59
MinimumVisualStudioVersion = 10.0.40219.1
Project("{2150E333-8FDC-42A3-9474-1A3956D46DE8}") = "src", "src", "{B6752F0A-0DBC-4539-9E1C-67353F2265A7}"
EndProject
Project("{2150E333-8FDC-42A3-9474-1A3956D46DE8}") = "APIs", "APIs", "{D2517770-EF61-4C03-BDAF-568322E373CB}"
EndProject
Project("{FAE04EC0-301F-11D3-BF4B-00C04F79EFBC}") = "HealthMedApi", "src\APIs\HealthMedApi\HealthMedApi.csproj", "{8ED26A9F-F8FF-4549-B8A9-5522B292F54B}"
EndProject
Project("{2150E333-8FDC-42A3-9474-1A3956D46DE8}") = "Workers", "Workers", "{4E3AC3D2-D178-4DD9-82A1-19DF6A4527F8}"
EndProject
Project("{FAE04EC0-301F-11D3-BF4B-00C04F79EFBC}") = "AppointmentCancellationWorker", "src\Workers\AppointmentCancellationWorker\AppointmentCancellationWorker.csproj", "{6F0D9EA7-D819-4376-AFFA-B5E9F4430D84}"
EndProject
Project("{FAE04EC0-301F-11D3-BF4B-00C04F79EFBC}") = "Infra", "src\Infra\Infra.csproj", "{FC1BAB75-32C2-4B91-A3A5-56167676D61F}"
EndProject
Project("{FAE04EC0-301F-11D3-BF4B-00C04F79EFBC}") = "Domain", "src\Domain\Domain.csproj", "{F0474F9E-45D0-43B4-82F5-3FAA2D578754}"
EndProject
Project("{FAE04EC0-301F-11D3-BF4B-00C04F79EFBC}") = "Shared", "src\Shared\Shared.csproj", "{7D462647-46ED-4A06-89DC-00EE9B6185E5}"
EndProject
Project("{2150E333-8FDC-42A3-9474-1A3956D46DE8}") = "tests", "tests", "{F4C20658-A356-405A-9F52-0861C9149B0B}"
EndProject
Project("{FAE04EC0-301F-11D3-BF4B-00C04F79EFBC}") = "HealthMed.Unit.Tests", "tests\HealthMed.Unit.Tests\HealthMed.Unit.Tests.csproj", "{5C604148-8187-47C6-80E0-0825F403880E}"
EndProject
Project("{FAE04EC0-301F-11D3-BF4B-00C04F79EFBC}") = "HealthMed.Integration.Tests", "tests\HealthMed.Integration.Tests\HealthMed.Integration.Tests.csproj", "{F48CCD10-16E9-4FC5-9521-086C6BB042C6}"
EndProject
Project("{FAE04EC0-301F-11D3-BF4B-00C04F79EFBC}") = "HealthMedApplication", "src\APIs\HealthMedApplication\HealthMedApplication.csproj", "{C387EAD4-F4A9-4889-BE82-FC08533CC905}"
EndProject
Project("{FAE04EC0-301F-11D3-BF4B-00C04F79EFBC}") = "AppointmentCancellationApplication", "src\Workers\AppointmentCancellationApplication\AppointmentCancellationApplication.csproj", "{0BAB1718-EC7A-4DE6-9EFC-A6378D9E7C73}"
EndProject
Global
	GlobalSection(SolutionConfigurationPlatforms) = preSolution
		Debug|Any CPU = Debug|Any CPU
		Release|Any CPU = Release|Any CPU
	EndGlobalSection
	GlobalSection(ProjectConfigurationPlatforms) = postSolution
		{8ED26A9F-F8FF-4549-B8A9-5522B292F54B}.Debug|Any CPU.ActiveCfg = Debug|Any CPU
		{8ED26A9F-F8FF-4549-B8A9-5522B292F54B}.Debug|Any CPU.Build.0 = Debug|Any CPU
		{8ED26A9F-F8FF-4549-B8A9-5522B292F54B}.Release|Any CPU.ActiveCfg = Release|Any CPU
		{8ED26A9F-F8FF-4549-B8A9-5522B292F54B}.Release|Any CPU.Build.0 = Release|Any CPU
		{6F0D9EA7-D819-4376-AFFA-B5E9F4430D84}.Debug|Any CPU.ActiveCfg = Debug|Any CPU
		{6F0D9EA7-D819-4376-AFFA-B5E9F4430D84}.Debug|Any CPU.Build.0 = Debug|Any CPU
		{6F0D9EA7-D819-4376-AFFA-B5E9F4430D84}.Release|Any CPU.ActiveCfg = Release|Any CPU
		{6F0D9EA7-D819-4376-AFFA-B5E9F4430D84}.Release|Any CPU.Build.0 = Release|Any CPU
		{FC1BAB75-32C2-4B91-A3A5-56167676D61F}.Debug|Any CPU.ActiveCfg = Debug|Any CPU
		{FC1BAB75-32C2-4B91-A3A5-56167676D61F}.Debug|Any CPU.Build.0 = Debug|Any CPU
		{FC1BAB75-32C2-4B91-A3A5-56167676D61F}.Release|Any CPU.ActiveCfg = Release|Any CPU
		{FC1BAB75-32C2-4B91-A3A5-56167676D61F}.Release|Any CPU.Build.0 = Release|Any CPU
		{F0474F9E-45D0-43B4-82F5-3FAA2D578754}.Debug|Any CPU.ActiveCfg = Debug|Any CPU
		{F0474F9E-45D0-43B4-82F5-3FAA2D578754}.Debug|Any CPU.Build.0 = Debug|Any CPU
		{F0474F9E-45D0-43B4-82F5-3FAA2D578754}.Release|Any CPU.ActiveCfg = Release|Any CPU
		{F0474F9E-45D0-43B4-82F5-3FAA2D578754}.Release|Any CPU.Build.0 = Release|Any CPU
		{7D462647-46ED-4A06-89DC-00EE9B6185E5}.Debug|Any CPU.ActiveCfg = Debug|Any CPU
		{7D462647-46ED-4A06-89DC-00EE9B6185E5}.Debug|Any CPU.Build.0 = Debug|Any CPU
		{7D462647-46ED-4A06-89DC-00EE9B6185E5}.Release|Any CPU.ActiveCfg = Release|Any CPU
		{7D462647-46ED-4A06-89DC-00EE9B6185E5}.Release|Any CPU.Build.0 = Release|Any CPU
		{5C604148-8187-47C6-80E0-0825F403880E}.Debug|Any CPU.ActiveCfg = Debug|Any CPU
		{5C604148-8187-47C6-80E0-0825F403880E}.Debug|Any CPU.Build.0 = Debug|Any CPU
		{5C604148-8187-47C6-80E0-0825F403880E}.Release|Any CPU.ActiveCfg = Release|Any CPU
		{5C604148-8187-47C6-80E0-0825F403880E}.Release|Any CPU.Build.0 = Release|Any CPU
		{F48CCD10-16E9-4FC5-9521-086C6BB042C6}.Debug|Any CPU.ActiveCfg = Debug|Any CPU
		{F48CCD10-16E9-4FC5-9521-086C6BB042C6}.Debug|Any CPU.Build.0 = Debug|Any CPU
		{F48CCD10-16E9-4FC5-9521-086C6BB042C6}.Release|Any CPU.ActiveCfg = Release|Any CPU
		{F48CCD10-16E9-4FC5-9521-086C6BB042C6}.Release|Any CPU.Build.0 = Release|Any CPU
		{C387EAD4-F4A9-4889-BE82-FC08533CC905}.Debug|Any CPU.ActiveCfg = Debug|Any CPU
		{C387EAD4-F4A9-4889-BE82-FC08533CC905}.Debug|Any CPU.Build.0 = Debug|Any CPU
		{C387EAD4-F4A9-4889-BE82-FC08533CC905}.Release|Any CPU.ActiveCfg = Release|Any CPU
		{C387EAD4-F4A9-4889-BE82-FC08533CC905}.Release|Any CPU.Build.0 = Release|Any CPU
		{0BAB1718-EC7A-4DE6-9EFC-A6378D9E7C73}.Debug|Any CPU.ActiveCfg = Debug|Any CPU
		{0BAB1718-EC7A-4DE6-9EFC-A6378D9E7C73}.Debug|Any CPU.Build.0 = Debug|Any CPU
		{0BAB1718-EC7A-4DE6-9EFC-A6378D9E7C73}.Release|Any CPU.ActiveCfg = Release|Any CPU
		{0BAB1718-EC7A-4DE6-9EFC-A6378D9E7C73}.Release|Any CPU.Build.0 = Release|Any CPU
	EndGlobalSection
	GlobalSection(SolutionProperties) = preSolution
		HideSolutionNode = FALSE
	EndGlobalSection
	GlobalSection(NestedProjects) = preSolution
		{D2517770-EF61-4C03-BDAF-568322E373CB} = {B6752F0A-0DBC-4539-9E1C-67353F2265A7}
		{8ED26A9F-F8FF-4549-B8A9-5522B292F54B} = {D2517770-EF61-4C03-BDAF-568322E373CB}
		{4E3AC3D2-D178-4DD9-82A1-19DF6A4527F8} = {B6752F0A-0DBC-4539-9E1C-67353F2265A7}
		{6F0D9EA7-D819-4376-AFFA-B5E9F4430D84} = {4E3AC3D2-D178-4DD9-82A1-19DF6A4527F8}
		{FC1BAB75-32C2-4B91-A3A5-56167676D61F} = {B6752F0A-0DBC-4539-9E1C-67353F2265A7}
		{F0474F9E-45D0-43B4-82F5-3FAA2D578754} = {B6752F0A-0DBC-4539-9E1C-67353F2265A7}
		{7D462647-46ED-4A06-89DC-00EE9B6185E5} = {B6752F0A-0DBC-4539-9E1C-67353F2265A7}
		{5C604148-8187-47C6-80E0-0825F403880E} = {F4C20658-A356-405A-9F52-0861C9149B0B}
		{F48CCD10-16E9-4FC5-9521-086C6BB042C6} = {F4C20658-A356-405A-9F52-0861C9149B0B}
		{C387EAD4-F4A9-4889-BE82-FC08533CC905} = {D2517770-EF61-4C03-BDAF-568322E373CB}
		{0BAB1718-EC7A-4DE6-9EFC-A6378D9E7C73} = {4E3AC3D2-D178-4DD9-82A1-19DF6A4527F8}
	EndGlobalSection
EndGlobal
