
Microsoft Visual Studio Solution File, Format Version 12.00
# Visual Studio Version 17
VisualStudioVersion = 17.12.35707.178
MinimumVisualStudioVersion = 10.0.40219.1
Project("{2150E333-8FDC-42A3-9474-1A3956D46DE8}") = "APIs", "APIs", "{9B6BD46A-DA00-47A9-928C-098428BF16E1}"
EndProject
Project("{2150E333-8FDC-42A3-9474-1A3956D46DE8}") = "Workers", "Workers", "{C3196D8C-7145-460D-A1B7-538DEC962719}"
EndProject
Project("{2150E333-8FDC-42A3-9474-1A3956D46DE8}") = "Tests", "Tests", "{B417C923-8A82-4512-BF05-9CB97182873D}"
EndProject
Project("{FAE04EC0-301F-11D3-BF4B-00C04F79EFBC}") = "HealthMedAPI", "APIs\HealthMedAPI\HealthMedAPI.csproj", "{C532AFBF-2116-468B-95E3-2EAC3962255F}"
EndProject
Project("{FAE04EC0-301F-11D3-BF4B-00C04F79EFBC}") = "ScheduleAPI", "APIs\ScheduleAPI\ScheduleAPI.csproj", "{4C0096AC-4329-4FA1-B76A-58EF72C61655}"
EndProject
Project("{FAE04EC0-301F-11D3-BF4B-00C04F79EFBC}") = "HealthMedTests", "Tests\HealthMedTests\HealthMedTests.csproj", "{E5181046-5D37-4EE1-8052-8C7F2EFB5270}"
EndProject
Project("{FAE04EC0-301F-11D3-BF4B-00C04F79EFBC}") = "WorkerHealthMed", "Workers\WorkerHealthMed\WorkerHealthMed.csproj", "{CFC72686-9768-4407-913C-00ECC794EF0F}"
EndProject
Project("{FAE04EC0-301F-11D3-BF4B-00C04F79EFBC}") = "WorkerSchedule", "Workers\WorkerSchedule\WorkerSchedule.csproj", "{C9B67C31-A3FA-49E5-A57A-BE0EE7372FC8}"
EndProject
Global
	GlobalSection(SolutionConfigurationPlatforms) = preSolution
		Debug|Any CPU = Debug|Any CPU
		Release|Any CPU = Release|Any CPU
	EndGlobalSection
	GlobalSection(ProjectConfigurationPlatforms) = postSolution
		{C532AFBF-2116-468B-95E3-2EAC3962255F}.Debug|Any CPU.ActiveCfg = Debug|Any CPU
		{C532AFBF-2116-468B-95E3-2EAC3962255F}.Debug|Any CPU.Build.0 = Debug|Any CPU
		{C532AFBF-2116-468B-95E3-2EAC3962255F}.Release|Any CPU.ActiveCfg = Release|Any CPU
		{C532AFBF-2116-468B-95E3-2EAC3962255F}.Release|Any CPU.Build.0 = Release|Any CPU
		{4C0096AC-4329-4FA1-B76A-58EF72C61655}.Debug|Any CPU.ActiveCfg = Debug|Any CPU
		{4C0096AC-4329-4FA1-B76A-58EF72C61655}.Debug|Any CPU.Build.0 = Debug|Any CPU
		{4C0096AC-4329-4FA1-B76A-58EF72C61655}.Release|Any CPU.ActiveCfg = Release|Any CPU
		{4C0096AC-4329-4FA1-B76A-58EF72C61655}.Release|Any CPU.Build.0 = Release|Any CPU
		{E5181046-5D37-4EE1-8052-8C7F2EFB5270}.Debug|Any CPU.ActiveCfg = Debug|Any CPU
		{E5181046-5D37-4EE1-8052-8C7F2EFB5270}.Debug|Any CPU.Build.0 = Debug|Any CPU
		{E5181046-5D37-4EE1-8052-8C7F2EFB5270}.Release|Any CPU.ActiveCfg = Release|Any CPU
		{E5181046-5D37-4EE1-8052-8C7F2EFB5270}.Release|Any CPU.Build.0 = Release|Any CPU
		{CFC72686-9768-4407-913C-00ECC794EF0F}.Debug|Any CPU.ActiveCfg = Debug|Any CPU
		{CFC72686-9768-4407-913C-00ECC794EF0F}.Debug|Any CPU.Build.0 = Debug|Any CPU
		{CFC72686-9768-4407-913C-00ECC794EF0F}.Release|Any CPU.ActiveCfg = Release|Any CPU
		{CFC72686-9768-4407-913C-00ECC794EF0F}.Release|Any CPU.Build.0 = Release|Any CPU
		{C9B67C31-A3FA-49E5-A57A-BE0EE7372FC8}.Debug|Any CPU.ActiveCfg = Debug|Any CPU
		{C9B67C31-A3FA-49E5-A57A-BE0EE7372FC8}.Debug|Any CPU.Build.0 = Debug|Any CPU
		{C9B67C31-A3FA-49E5-A57A-BE0EE7372FC8}.Release|Any CPU.ActiveCfg = Release|Any CPU
		{C9B67C31-A3FA-49E5-A57A-BE0EE7372FC8}.Release|Any CPU.Build.0 = Release|Any CPU
	EndGlobalSection
	GlobalSection(SolutionProperties) = preSolution
		HideSolutionNode = FALSE
	EndGlobalSection
	GlobalSection(NestedProjects) = preSolution
		{C532AFBF-2116-468B-95E3-2EAC3962255F} = {9B6BD46A-DA00-47A9-928C-098428BF16E1}
		{4C0096AC-4329-4FA1-B76A-58EF72C61655} = {9B6BD46A-DA00-47A9-928C-098428BF16E1}
		{E5181046-5D37-4EE1-8052-8C7F2EFB5270} = {B417C923-8A82-4512-BF05-9CB97182873D}
		{CFC72686-9768-4407-913C-00ECC794EF0F} = {C3196D8C-7145-460D-A1B7-538DEC962719}
		{C9B67C31-A3FA-49E5-A57A-BE0EE7372FC8} = {C3196D8C-7145-460D-A1B7-538DEC962719}
	EndGlobalSection
EndGlobal
